{
  "object": {
    "pins": [
      {
        "package": "CwlCatchException",
        "repositoryURL": "https://github.com/mattgallagher/CwlCatchException.git",
        "state": {
          "branch": null,
          "revision": "f809deb30dc5c9d9b78c872e553261a61177721a",
          "version": "2.0.0"
        }
      },
      {
        "package": "CwlPreconditionTesting",
        "repositoryURL": "https://github.com/mattgallagher/CwlPreconditionTesting.git",
        "state": {
          "branch": null,
          "revision": "02b7a39a99c4da27abe03cab2053a9034379639f",
          "version": "2.0.0"
        }
      },
      {
        "package": "NCallback",
        "repositoryURL": "git@github.com:NikSativa/NCallback.git",
        "state": {
          "branch": null,
          "revision": "e8ecdea9d7cc5695a9da3e869811d563434ee1c9",
          "version": "2.2.2"
        }
      },
      {
        "package": "Nimble",
        "repositoryURL": "https://github.com/Quick/Nimble.git",
        "state": {
          "branch": null,
          "revision": "af1730dde4e6c0d45bf01b99f8a41713ce536790",
          "version": "9.2.0"
        }
      },
      {
        "package": "NQueue",
        "repositoryURL": "git@github.com:NikSativa/NQueue.git",
        "state": {
          "branch": null,
          "revision": "875ff4bd2c7b229efe0d26b8c4653783bdb80a7c",
          "version": "1.0.2"
        }
      },
      {
        "package": "NSpry",
        "repositoryURL": "git@github.com:NikSativa/NSpry.git",
        "state": {
          "branch": null,
          "revision": "771838b34ce4fd8bd80b1660222d3cc4f73142a5",
          "version": "1.0.2"
        }
      },
      {
        "package": "Quick",
        "repositoryURL": "https://github.com/Quick/Quick.git",
        "state": {
          "branch": null,
          "revision": "bd86ca0141e3cfb333546de5a11ede63f0c4a0e6",
          "version": "4.0.0"
        }
      },
      {
        "package": "Spry",
        "repositoryURL": "https://github.com/NikSativa/Spry.git",
        "state": {
          "branch": null,
          "revision": "c8a2894b3e1f97b3b9a7d726a05320673b864337",
          "version": "3.4.3"
        }
      }
    ]
  },
  "version": 1
}
