{
  "pins" : [
    {
      "identity" : "cwlcatchexception",
      "kind" : "remoteSourceControl",
      "location" : "https://github.com/mattgallagher/CwlCatchException.git",
      "state" : {
        "revision" : "35f9e770f54ce62dd8526470f14c6e137cef3eea",
        "version" : "2.1.1"
      }
    },
    {
      "identity" : "cwlpreconditiontesting",
      "kind" : "remoteSourceControl",
      "location" : "https://github.com/mattgallagher/CwlPreconditionTesting.git",
      "state" : {
        "revision" : "c21f7bab5ca8eee0a9998bbd17ca1d0eb45d4688",
        "version" : "2.1.0"
      }
    },
    {
      "identity" : "nimble",
      "kind" : "remoteSourceControl",
      "location" : "https://github.com/Quick/Nimble.git",
      "state" : {
        "revision" : "b7f6c49acdb247e3158198c5448b38c3cc595533",
        "version" : "11.2.1"
      }
    },
    {
      "identity" : "nqueue",
      "kind" : "remoteSourceControl",
      "location" : "https://github.com/NikSativa/NQueue.git",
      "state" : {
        "revision" : "464565307a9336fdec5797a6c6311df5d17f6d64",
        "version" : "1.1.17"
      }
    },
    {
      "identity" : "nspry",
      "kind" : "remoteSourceControl",
      "location" : "https://github.com/NikSativa/NSpry.git",
      "state" : {
        "revision" : "1acbb548d09bff6643984359c86d77216f882bf4",
        "version" : "1.3.4"
      }
    }
  ],
  "version" : 2
}
