{
  "object": {
    "pins": [
      {
        "package": "CwlCatchException",
        "repositoryURL": "https://github.com/mattgallagher/CwlCatchException.git",
        "state": {
          "branch": null,
          "revision": "35f9e770f54ce62dd8526470f14c6e137cef3eea",
          "version": "2.1.1"
        }
      },
      {
        "package": "CwlPreconditionTesting",
        "repositoryURL": "https://github.com/mattgallagher/CwlPreconditionTesting.git",
        "state": {
          "branch": null,
          "revision": "c21f7bab5ca8eee0a9998bbd17ca1d0eb45d4688",
          "version": "2.1.0"
        }
      },
      {
        "package": "NCallback",
        "repositoryURL": "https://github.com/NikSativa/NCallback.git",
        "state": {
          "branch": null,
          "revision": "1cc70845d1ac9e610645e7d96db4bd0373c982cc",
          "version": "2.10.10"
        }
      },
      {
        "package": "Nimble",
        "repositoryURL": "https://github.com/Quick/Nimble.git",
        "state": {
          "branch": null,
          "revision": "c93f16c25af5770f0d3e6af27c9634640946b068",
          "version": "9.2.1"
        }
      },
      {
        "package": "NQueue",
        "repositoryURL": "https://github.com/NikSativa/NQueue.git",
        "state": {
          "branch": null,
          "revision": "3a8578bbd357ebcd5298f2e4d59d5c0fc9ae192b",
          "version": "1.1.12"
        }
      },
      {
        "package": "NSpry",
        "repositoryURL": "https://github.com/NikSativa/NSpry.git",
        "state": {
          "branch": null,
          "revision": "8f1a5407d58c7bfab207c8c060261ab6ac8ece80",
          "version": "1.2.8"
        }
      },
      {
        "package": "Quick",
        "repositoryURL": "https://github.com/Quick/Quick.git",
        "state": {
          "branch": null,
          "revision": "bd86ca0141e3cfb333546de5a11ede63f0c4a0e6",
          "version": "4.0.0"
        }
      }
    ]
  },
  "version": 1
}
