// !$*UTF8*$!
{
	archiveVersion = 1;
	classes = {
	};
	objectVersion = 50;
	objects = {

/* Begin PBXBuildFile section */
		0C0169725E5A6AE61AFE7A2A /* Pods_SampleTests.framework in Frameworks */ = {isa = PBXBuildFile; fileRef = E131E567057E3CDCBCF46921 /* Pods_SampleTests.framework */; };
		603B878FA69289112D97ECFAD93D6F8E /* ViewController.swift in Sources */ = {isa = PBXBuildFile; fileRef = 4B0DF40C62F7A9C5ADE1217E7ACB9B76 /* ViewController.swift */; };
		709FAA8F52D3FCCA4B75584B7A0A47BD /* AppDelegate.swift in Sources */ = {isa = PBXBuildFile; fileRef = D654AF8CDEBB32108E4691C15A8842A1 /* AppDelegate.swift */; };
		75082E27485B583766303548 /* Pods_Sample.framework in Frameworks */ = {isa = PBXBuildFile; fileRef = D856F16A2CAAF09475210E67 /* Pods_Sample.framework */; };
		83586B07F9216F682F56445452A043FC /* Assets.xcassets in Resources */ = {isa = PBXBuildFile; fileRef = D5B94FFC134C0C5A2AA94CFE3C0AEDA0 /* Assets.xcassets */; };
		88A55569DCCD47AEBC7149E23ACFD842 /* Main.storyboard in Resources */ = {isa = PBXBuildFile; fileRef = B82959917FC85177C3386D22A16253FE /* Main.storyboard */; };
		C1C574836180B294E893ADF895CEA861 /* LaunchScreen.storyboard in Resources */ = {isa = PBXBuildFile; fileRef = 4C9BB21E1F3AF5E318C5F1CE24414525 /* LaunchScreen.storyboard */; };
/* End PBXBuildFile section */

/* Begin PBXContainerItemProxy section */
		247BFF1C230BFBFF00D6CAA2 /* PBXContainerItemProxy */ = {
			isa = PBXContainerItemProxy;
			containerPortal = DDF6FC562B87DB4CD9F79BA1BABF0125 /* Project object */;
			proxyType = 1;
			remoteGlobalIDString = 66533F6D8D9C3EA0D2AAC4BC90292F5C;
			remoteInfo = Sample;
		};
/* End PBXContainerItemProxy section */

/* Begin PBXFileReference section */
		1721672525E64C58C3259985 /* Pods-SampleTests.release.xcconfig */ = {isa = PBXFileReference; includeInIndex = 1; lastKnownFileType = text.xcconfig; name = "Pods-SampleTests.release.xcconfig"; path = "Target Support Files/Pods-SampleTests/Pods-SampleTests.release.xcconfig"; sourceTree = "<group>"; };
		247BFF17230BFBFE00D6CAA2 /* SampleTests.xctest */ = {isa = PBXFileReference; explicitFileType = wrapper.cfbundle; includeInIndex = 0; path = SampleTests.xctest; sourceTree = BUILT_PRODUCTS_DIR; };
		247BFF23230BFC1500D6CAA2 /* Info.plist */ = {isa = PBXFileReference; fileEncoding = 4; lastKnownFileType = text.plist.xml; path = Info.plist; sourceTree = "<group>"; };
		38E7B5AFF6B09132E73E48C4 /* Pods-Sample.debug.xcconfig */ = {isa = PBXFileReference; includeInIndex = 1; lastKnownFileType = text.xcconfig; name = "Pods-Sample.debug.xcconfig"; path = "Target Support Files/Pods-Sample/Pods-Sample.debug.xcconfig"; sourceTree = "<group>"; };
		4B0DF40C62F7A9C5ADE1217E7ACB9B76 /* ViewController.swift */ = {isa = PBXFileReference; lastKnownFileType = sourcecode.swift; path = ViewController.swift; sourceTree = "<group>"; };
		4C9BB21E1F3AF5E318C5F1CE24414525 /* LaunchScreen.storyboard */ = {isa = PBXFileReference; fileEncoding = 4; lastKnownFileType = file.storyboard; path = LaunchScreen.storyboard; sourceTree = "<group>"; };
		4CEF066495F0571C5F27F8282ECA5480 /* Sample.app */ = {isa = PBXFileReference; explicitFileType = wrapper.application; includeInIndex = 0; path = Sample.app; sourceTree = BUILT_PRODUCTS_DIR; };
		8477617C4F815F4E469F664A7026E89C /* Info.plist */ = {isa = PBXFileReference; lastKnownFileType = text.plist.xml; path = Info.plist; sourceTree = "<group>"; };
		999356940C45DB6073DF36AD /* Pods-Sample.release.xcconfig */ = {isa = PBXFileReference; includeInIndex = 1; lastKnownFileType = text.xcconfig; name = "Pods-Sample.release.xcconfig"; path = "Target Support Files/Pods-Sample/Pods-Sample.release.xcconfig"; sourceTree = "<group>"; };
		B82959917FC85177C3386D22A16253FE /* Main.storyboard */ = {isa = PBXFileReference; fileEncoding = 4; lastKnownFileType = file.storyboard; path = Main.storyboard; sourceTree = "<group>"; };
		CDC353DE44458C496D50ED34 /* Pods-SampleTests.debug.xcconfig */ = {isa = PBXFileReference; includeInIndex = 1; lastKnownFileType = text.xcconfig; name = "Pods-SampleTests.debug.xcconfig"; path = "Target Support Files/Pods-SampleTests/Pods-SampleTests.debug.xcconfig"; sourceTree = "<group>"; };
		D5B94FFC134C0C5A2AA94CFE3C0AEDA0 /* Assets.xcassets */ = {isa = PBXFileReference; lastKnownFileType = folder.assetcatalog; path = Assets.xcassets; sourceTree = "<group>"; };
		D654AF8CDEBB32108E4691C15A8842A1 /* AppDelegate.swift */ = {isa = PBXFileReference; lastKnownFileType = sourcecode.swift; path = AppDelegate.swift; sourceTree = "<group>"; };
		D856F16A2CAAF09475210E67 /* Pods_Sample.framework */ = {isa = PBXFileReference; explicitFileType = wrapper.framework; includeInIndex = 0; path = Pods_Sample.framework; sourceTree = BUILT_PRODUCTS_DIR; };
		E131E567057E3CDCBCF46921 /* Pods_SampleTests.framework */ = {isa = PBXFileReference; explicitFileType = wrapper.framework; includeInIndex = 0; path = Pods_SampleTests.framework; sourceTree = BUILT_PRODUCTS_DIR; };
/* End PBXFileReference section */

/* Begin PBXFrameworksBuildPhase section */
		247BFF14230BFBFE00D6CAA2 /* Frameworks */ = {
			isa = PBXFrameworksBuildPhase;
			buildActionMask = 2147483647;
			files = (
				0C0169725E5A6AE61AFE7A2A /* Pods_SampleTests.framework in Frameworks */,
			);
			runOnlyForDeploymentPostprocessing = 0;
		};
		C800FCE375FEC4DB202CFADC1511B693 /* Frameworks */ = {
			isa = PBXFrameworksBuildPhase;
			buildActionMask = 2147483647;
			files = (
				75082E27485B583766303548 /* Pods_Sample.framework in Frameworks */,
			);
			runOnlyForDeploymentPostprocessing = 0;
		};
/* End PBXFrameworksBuildPhase section */

/* Begin PBXGroup section */
		247BFF21230BFC1500D6CAA2 /* SampleTests */ = {
			isa = PBXGroup;
			children = (
				247BFF23230BFC1500D6CAA2 /* Info.plist */,
			);
			path = SampleTests;
			sourceTree = "<group>";
		};
		899E2495B2BE83DA543C4DF2A8ECF33C /* Products */ = {
			isa = PBXGroup;
			children = (
				4CEF066495F0571C5F27F8282ECA5480 /* Sample.app */,
				247BFF17230BFBFE00D6CAA2 /* SampleTests.xctest */,
			);
			name = Products;
			sourceTree = "<group>";
		};
		AFA58015BA66E84515E76600E246A5D4 /* Sample */ = {
			isa = PBXGroup;
			children = (
				D654AF8CDEBB32108E4691C15A8842A1 /* AppDelegate.swift */,
				D5B94FFC134C0C5A2AA94CFE3C0AEDA0 /* Assets.xcassets */,
				8477617C4F815F4E469F664A7026E89C /* Info.plist */,
				4C9BB21E1F3AF5E318C5F1CE24414525 /* LaunchScreen.storyboard */,
				B82959917FC85177C3386D22A16253FE /* Main.storyboard */,
				4B0DF40C62F7A9C5ADE1217E7ACB9B76 /* ViewController.swift */,
			);
			path = Sample;
			sourceTree = "<group>";
		};
		BE81BD8E390DC9384AC30E88B7E78224 = {
			isa = PBXGroup;
			children = (
				247BFF21230BFC1500D6CAA2 /* SampleTests */,
				899E2495B2BE83DA543C4DF2A8ECF33C /* Products */,
				AFA58015BA66E84515E76600E246A5D4 /* Sample */,
				C4C53314E94E4B81B226A679 /* Pods */,
				DC28008DC2513168F810D909 /* Frameworks */,
			);
			sourceTree = "<group>";
		};
		C4C53314E94E4B81B226A679 /* Pods */ = {
			isa = PBXGroup;
			children = (
				38E7B5AFF6B09132E73E48C4 /* Pods-Sample.debug.xcconfig */,
				999356940C45DB6073DF36AD /* Pods-Sample.release.xcconfig */,
				CDC353DE44458C496D50ED34 /* Pods-SampleTests.debug.xcconfig */,
				1721672525E64C58C3259985 /* Pods-SampleTests.release.xcconfig */,
			);
			path = Pods;
			sourceTree = "<group>";
		};
		DC28008DC2513168F810D909 /* Frameworks */ = {
			isa = PBXGroup;
			children = (
				D856F16A2CAAF09475210E67 /* Pods_Sample.framework */,
				E131E567057E3CDCBCF46921 /* Pods_SampleTests.framework */,
			);
			name = Frameworks;
			sourceTree = "<group>";
		};
/* End PBXGroup section */

/* Begin PBXNativeTarget section */
		247BFF16230BFBFE00D6CAA2 /* SampleTests */ = {
			isa = PBXNativeTarget;
			buildConfigurationList = 247BFF1E230BFBFF00D6CAA2 /* Build configuration list for PBXNativeTarget "SampleTests" */;
			buildPhases = (
				9EFF4E47786ECA57A61C46EC /* [CP] Check Pods Manifest.lock */,
				247BFF13230BFBFE00D6CAA2 /* Sources */,
				247BFF14230BFBFE00D6CAA2 /* Frameworks */,
				247BFF15230BFBFE00D6CAA2 /* Resources */,
				65EB747EB63AA0E095C8D6C3 /* [CP] Embed Pods Frameworks */,
			);
			buildRules = (
			);
			dependencies = (
				247BFF1D230BFBFF00D6CAA2 /* PBXTargetDependency */,
			);
			name = SampleTests;
			productName = SampleTests;
			productReference = 247BFF17230BFBFE00D6CAA2 /* SampleTests.xctest */;
			productType = "com.apple.product-type.bundle.unit-test";
		};
		66533F6D8D9C3EA0D2AAC4BC90292F5C /* Sample */ = {
			isa = PBXNativeTarget;
			buildConfigurationList = F0BF5021B347D9C1CA91995B696244D3 /* Build configuration list for PBXNativeTarget "Sample" */;
			buildPhases = (
				0D71D034D3EB92E0FDEA5863 /* [CP] Check Pods Manifest.lock */,
				E22F0D8AE9EFF0905611E7B0218B80C9 /* Sources */,
				C800FCE375FEC4DB202CFADC1511B693 /* Frameworks */,
				BF209F4BDE53DC583F919C12519A5A9C /* Resources */,
				9772F8E4979B2E62A51CAA40 /* [CP] Embed Pods Frameworks */,
			);
			buildRules = (
			);
			dependencies = (
			);
			name = Sample;
			productName = Sample;
			productReference = 4CEF066495F0571C5F27F8282ECA5480 /* Sample.app */;
			productType = "com.apple.product-type.application";
		};
/* End PBXNativeTarget section */

/* Begin PBXProject section */
		DDF6FC562B87DB4CD9F79BA1BABF0125 /* Project object */ = {
			isa = PBXProject;
			attributes = {
				LastSwiftUpdateCheck = 1030;
				LastUpgradeCheck = 1000;
				ORGANIZATIONNAME = "Nikita Konopelko";
				TargetAttributes = {
					247BFF16230BFBFE00D6CAA2 = {
						CreatedOnToolsVersion = 10.3;
						TestTargetID = 66533F6D8D9C3EA0D2AAC4BC90292F5C;
					};
					66533F6D8D9C3EA0D2AAC4BC90292F5C = {
						CreatedOnToolsVersion = 10.0;
					};
				};
			};
			buildConfigurationList = 94692ACAAD330129970552B1134831CA /* Build configuration list for PBXProject "Sample" */;
			compatibilityVersion = "Xcode 9.3";
			developmentRegion = en;
			hasScannedForEncodings = 0;
			knownRegions = (
				en,
				Base,
			);
			mainGroup = BE81BD8E390DC9384AC30E88B7E78224;
			productRefGroup = 899E2495B2BE83DA543C4DF2A8ECF33C /* Products */;
			projectDirPath = "";
			projectRoot = "";
			targets = (
				66533F6D8D9C3EA0D2AAC4BC90292F5C /* Sample */,
				247BFF16230BFBFE00D6CAA2 /* SampleTests */,
			);
		};
/* End PBXProject section */

/* Begin PBXResourcesBuildPhase section */
		247BFF15230BFBFE00D6CAA2 /* Resources */ = {
			isa = PBXResourcesBuildPhase;
			buildActionMask = 2147483647;
			files = (
			);
			runOnlyForDeploymentPostprocessing = 0;
		};
		BF209F4BDE53DC583F919C12519A5A9C /* Resources */ = {
			isa = PBXResourcesBuildPhase;
			buildActionMask = 2147483647;
			files = (
				83586B07F9216F682F56445452A043FC /* Assets.xcassets in Resources */,
				C1C574836180B294E893ADF895CEA861 /* LaunchScreen.storyboard in Resources */,
				88A55569DCCD47AEBC7149E23ACFD842 /* Main.storyboard in Resources */,
			);
			runOnlyForDeploymentPostprocessing = 0;
		};
/* End PBXResourcesBuildPhase section */

/* Begin PBXShellScriptBuildPhase section */
		0D71D034D3EB92E0FDEA5863 /* [CP] Check Pods Manifest.lock */ = {
			isa = PBXShellScriptBuildPhase;
			buildActionMask = 2147483647;
			files = (
			);
			inputFileListPaths = (
			);
			inputPaths = (
				"${PODS_PODFILE_DIR_PATH}/Podfile.lock",
				"${PODS_ROOT}/Manifest.lock",
			);
			name = "[CP] Check Pods Manifest.lock";
			outputFileListPaths = (
			);
			outputPaths = (
				"$(DERIVED_FILE_DIR)/Pods-Sample-checkManifestLockResult.txt",
			);
			runOnlyForDeploymentPostprocessing = 0;
			shellPath = /bin/sh;
			shellScript = "diff \"${PODS_PODFILE_DIR_PATH}/Podfile.lock\" \"${PODS_ROOT}/Manifest.lock\" > /dev/null\nif [ $? != 0 ] ; then\n    # print error to STDERR\n    echo \"error: The sandbox is not in sync with the Podfile.lock. Run 'pod install' or update your CocoaPods installation.\" >&2\n    exit 1\nfi\n# This output is used by Xcode 'outputs' to avoid re-running this script phase.\necho \"SUCCESS\" > \"${SCRIPT_OUTPUT_FILE_0}\"\n";
			showEnvVarsInLog = 0;
		};
		65EB747EB63AA0E095C8D6C3 /* [CP] Embed Pods Frameworks */ = {
			isa = PBXShellScriptBuildPhase;
			buildActionMask = 2147483647;
			files = (
			);
			inputFileListPaths = (
			);
			name = "[CP] Embed Pods Frameworks";
			outputFileListPaths = (
			);
			runOnlyForDeploymentPostprocessing = 0;
			shellPath = /bin/sh;
			shellScript = "\"${PODS_ROOT}/Target Support Files/Pods-SampleTests/Pods-SampleTests-frameworks.sh\"\n";
			showEnvVarsInLog = 0;
		};
		9772F8E4979B2E62A51CAA40 /* [CP] Embed Pods Frameworks */ = {
			isa = PBXShellScriptBuildPhase;
			buildActionMask = 2147483647;
			files = (
			);
			inputFileListPaths = (
			);
			name = "[CP] Embed Pods Frameworks";
			outputFileListPaths = (
			);
			runOnlyForDeploymentPostprocessing = 0;
			shellPath = /bin/sh;
			shellScript = "\"${PODS_ROOT}/Target Support Files/Pods-Sample/Pods-Sample-frameworks.sh\"\n";
			showEnvVarsInLog = 0;
		};
		9EFF4E47786ECA57A61C46EC /* [CP] Check Pods Manifest.lock */ = {
			isa = PBXShellScriptBuildPhase;
			buildActionMask = 2147483647;
			files = (
			);
			inputFileListPaths = (
			);
			inputPaths = (
				"${PODS_PODFILE_DIR_PATH}/Podfile.lock",
				"${PODS_ROOT}/Manifest.lock",
			);
			name = "[CP] Check Pods Manifest.lock";
			outputFileListPaths = (
			);
			outputPaths = (
				"$(DERIVED_FILE_DIR)/Pods-SampleTests-checkManifestLockResult.txt",
			);
			runOnlyForDeploymentPostprocessing = 0;
			shellPath = /bin/sh;
			shellScript = "diff \"${PODS_PODFILE_DIR_PATH}/Podfile.lock\" \"${PODS_ROOT}/Manifest.lock\" > /dev/null\nif [ $? != 0 ] ; then\n    # print error to STDERR\n    echo \"error: The sandbox is not in sync with the Podfile.lock. Run 'pod install' or update your CocoaPods installation.\" >&2\n    exit 1\nfi\n# This output is used by Xcode 'outputs' to avoid re-running this script phase.\necho \"SUCCESS\" > \"${SCRIPT_OUTPUT_FILE_0}\"\n";
			showEnvVarsInLog = 0;
		};
/* End PBXShellScriptBuildPhase section */

/* Begin PBXSourcesBuildPhase section */
		247BFF13230BFBFE00D6CAA2 /* Sources */ = {
			isa = PBXSourcesBuildPhase;
			buildActionMask = 2147483647;
			files = (
			);
			runOnlyForDeploymentPostprocessing = 0;
		};
		E22F0D8AE9EFF0905611E7B0218B80C9 /* Sources */ = {
			isa = PBXSourcesBuildPhase;
			buildActionMask = 2147483647;
			files = (
				709FAA8F52D3FCCA4B75584B7A0A47BD /* AppDelegate.swift in Sources */,
				603B878FA69289112D97ECFAD93D6F8E /* ViewController.swift in Sources */,
			);
			runOnlyForDeploymentPostprocessing = 0;
		};
/* End PBXSourcesBuildPhase section */

/* Begin PBXTargetDependency section */
		247BFF1D230BFBFF00D6CAA2 /* PBXTargetDependency */ = {
			isa = PBXTargetDependency;
			target = 66533F6D8D9C3EA0D2AAC4BC90292F5C /* Sample */;
			targetProxy = 247BFF1C230BFBFF00D6CAA2 /* PBXContainerItemProxy */;
		};
/* End PBXTargetDependency section */

/* Begin XCBuildConfiguration section */
		0FEC1F021ABD74D99995803B1173619F /* Debug */ = {
			isa = XCBuildConfiguration;
			buildSettings = {
				ALWAYS_SEARCH_USER_PATHS = NO;
				CLANG_ANALYZER_NONNULL = YES;
				CLANG_ANALYZER_NUMBER_OBJECT_CONVERSION = YES_AGGRESSIVE;
				CLANG_CXX_LANGUAGE_STANDARD = "gnu++14";
				CLANG_CXX_LIBRARY = "libc++";
				CLANG_ENABLE_MODULES = YES;
				CLANG_ENABLE_OBJC_ARC = YES;
				CLANG_ENABLE_OBJC_WEAK = YES;
				CLANG_WARN_BLOCK_CAPTURE_AUTORELEASING = YES;
				CLANG_WARN_BOOL_CONVERSION = YES;
				CLANG_WARN_COMMA = YES;
				CLANG_WARN_CONSTANT_CONVERSION = YES;
				CLANG_WARN_DEPRECATED_OBJC_IMPLEMENTATIONS = YES;
				CLANG_WARN_DIRECT_OBJC_ISA_USAGE = YES_ERROR;
				CLANG_WARN_DOCUMENTATION_COMMENTS = YES;
				CLANG_WARN_EMPTY_BODY = YES;
				CLANG_WARN_ENUM_CONVERSION = YES;
				CLANG_WARN_INFINITE_RECURSION = YES;
				CLANG_WARN_INT_CONVERSION = YES;
				CLANG_WARN_NON_LITERAL_NULL_CONVERSION = YES;
				CLANG_WARN_OBJC_IMPLICIT_RETAIN_SELF = YES;
				CLANG_WARN_OBJC_LITERAL_CONVERSION = YES;
				CLANG_WARN_OBJC_ROOT_CLASS = YES_ERROR;
				CLANG_WARN_RANGE_LOOP_ANALYSIS = YES;
				CLANG_WARN_STRICT_PROTOTYPES = YES;
				CLANG_WARN_SUSPICIOUS_MOVE = YES;
				CLANG_WARN_UNGUARDED_AVAILABILITY = YES_AGGRESSIVE;
				CLANG_WARN_UNREACHABLE_CODE = YES;
				CLANG_WARN__DUPLICATE_METHOD_MATCH = YES;
				CODE_SIGN_IDENTITY = "iPhone Developer";
				COPY_PHASE_STRIP = NO;
				DEBUG_INFORMATION_FORMAT = dwarf;
				ENABLE_STRICT_OBJC_MSGSEND = YES;
				ENABLE_TESTABILITY = YES;
				GCC_C_LANGUAGE_STANDARD = gnu11;
				GCC_DYNAMIC_NO_PIC = NO;
				GCC_NO_COMMON_BLOCKS = YES;
				GCC_OPTIMIZATION_LEVEL = 0;
				GCC_PREPROCESSOR_DEFINITIONS = (
					"DEBUG=1",
					"$(inherited)",
				);
				GCC_WARN_64_TO_32_BIT_CONVERSION = YES;
				GCC_WARN_ABOUT_RETURN_TYPE = YES_ERROR;
				GCC_WARN_UNDECLARED_SELECTOR = YES;
				GCC_WARN_UNINITIALIZED_AUTOS = YES_AGGRESSIVE;
				GCC_WARN_UNUSED_FUNCTION = YES;
				GCC_WARN_UNUSED_VARIABLE = YES;
				IPHONEOS_DEPLOYMENT_TARGET = 12.0;
				MTL_ENABLE_DEBUG_INFO = INCLUDE_SOURCE;
				MTL_FAST_MATH = YES;
				ONLY_ACTIVE_ARCH = YES;
				SDKROOT = iphoneos;
				SWIFT_ACTIVE_COMPILATION_CONDITIONS = DEBUG;
				SWIFT_OPTIMIZATION_LEVEL = "-Onone";
				SWIFT_VERSION = 5.0;
			};
			name = Debug;
		};
		247BFF1F230BFBFF00D6CAA2 /* Debug */ = {
			isa = XCBuildConfiguration;
			baseConfigurationReference = CDC353DE44458C496D50ED34 /* Pods-SampleTests.debug.xcconfig */;
			buildSettings = {
				BUNDLE_LOADER = "$(TEST_HOST)";
				CODE_SIGN_STYLE = Automatic;
				INFOPLIST_FILE = SampleTests/Info.plist;
				IPHONEOS_DEPLOYMENT_TARGET = 12.4;
				LD_RUNPATH_SEARCH_PATHS = (
					"$(inherited)",
					"@executable_path/Frameworks",
					"@loader_path/Frameworks",
				);
				PRODUCT_BUNDLE_IDENTIFIER = com.tech4star.SampleTests;
				PRODUCT_NAME = "$(TARGET_NAME)";
				SWIFT_VERSION = 5.0;
				TARGETED_DEVICE_FAMILY = "1,2";
				TEST_HOST = "$(BUILT_PRODUCTS_DIR)/Sample.app/Sample";
			};
			name = Debug;
		};
		247BFF20230BFBFF00D6CAA2 /* Release */ = {
			isa = XCBuildConfiguration;
			baseConfigurationReference = 1721672525E64C58C3259985 /* Pods-SampleTests.release.xcconfig */;
			buildSettings = {
				BUNDLE_LOADER = "$(TEST_HOST)";
				CODE_SIGN_STYLE = Automatic;
				INFOPLIST_FILE = SampleTests/Info.plist;
				IPHONEOS_DEPLOYMENT_TARGET = 12.4;
				LD_RUNPATH_SEARCH_PATHS = (
					"$(inherited)",
					"@executable_path/Frameworks",
					"@loader_path/Frameworks",
				);
				PRODUCT_BUNDLE_IDENTIFIER = com.tech4star.SampleTests;
				PRODUCT_NAME = "$(TARGET_NAME)";
				SWIFT_VERSION = 5.0;
				TARGETED_DEVICE_FAMILY = "1,2";
				TEST_HOST = "$(BUILT_PRODUCTS_DIR)/Sample.app/Sample";
			};
			name = Release;
		};
		5EE67914AAA105A443DFCAAA1C53CE56 /* Release */ = {
			isa = XCBuildConfiguration;
			buildSettings = {
				ALWAYS_SEARCH_USER_PATHS = NO;
				CLANG_ANALYZER_NONNULL = YES;
				CLANG_ANALYZER_NUMBER_OBJECT_CONVERSION = YES_AGGRESSIVE;
				CLANG_CXX_LANGUAGE_STANDARD = "gnu++14";
				CLANG_CXX_LIBRARY = "libc++";
				CLANG_ENABLE_MODULES = YES;
				CLANG_ENABLE_OBJC_ARC = YES;
				CLANG_ENABLE_OBJC_WEAK = YES;
				CLANG_WARN_BLOCK_CAPTURE_AUTORELEASING = YES;
				CLANG_WARN_BOOL_CONVERSION = YES;
				CLANG_WARN_COMMA = YES;
				CLANG_WARN_CONSTANT_CONVERSION = YES;
				CLANG_WARN_DEPRECATED_OBJC_IMPLEMENTATIONS = YES;
				CLANG_WARN_DIRECT_OBJC_ISA_USAGE = YES_ERROR;
				CLANG_WARN_DOCUMENTATION_COMMENTS = YES;
				CLANG_WARN_EMPTY_BODY = YES;
				CLANG_WARN_ENUM_CONVERSION = YES;
				CLANG_WARN_INFINITE_RECURSION = YES;
				CLANG_WARN_INT_CONVERSION = YES;
				CLANG_WARN_NON_LITERAL_NULL_CONVERSION = YES;
				CLANG_WARN_OBJC_IMPLICIT_RETAIN_SELF = YES;
				CLANG_WARN_OBJC_LITERAL_CONVERSION = YES;
				CLANG_WARN_OBJC_ROOT_CLASS = YES_ERROR;
				CLANG_WARN_RANGE_LOOP_ANALYSIS = YES;
				CLANG_WARN_STRICT_PROTOTYPES = YES;
				CLANG_WARN_SUSPICIOUS_MOVE = YES;
				CLANG_WARN_UNGUARDED_AVAILABILITY = YES_AGGRESSIVE;
				CLANG_WARN_UNREACHABLE_CODE = YES;
				CLANG_WARN__DUPLICATE_METHOD_MATCH = YES;
				CODE_SIGN_IDENTITY = "iPhone Developer";
				COPY_PHASE_STRIP = NO;
				DEBUG_INFORMATION_FORMAT = "dwarf-with-dsym";
				ENABLE_NS_ASSERTIONS = NO;
				ENABLE_STRICT_OBJC_MSGSEND = YES;
				GCC_C_LANGUAGE_STANDARD = gnu11;
				GCC_NO_COMMON_BLOCKS = YES;
				GCC_WARN_64_TO_32_BIT_CONVERSION = YES;
				GCC_WARN_ABOUT_RETURN_TYPE = YES_ERROR;
				GCC_WARN_UNDECLARED_SELECTOR = YES;
				GCC_WARN_UNINITIALIZED_AUTOS = YES_AGGRESSIVE;
				GCC_WARN_UNUSED_FUNCTION = YES;
				GCC_WARN_UNUSED_VARIABLE = YES;
				IPHONEOS_DEPLOYMENT_TARGET = 12.0;
				MTL_ENABLE_DEBUG_INFO = NO;
				MTL_FAST_MATH = YES;
				SDKROOT = iphoneos;
				SWIFT_COMPILATION_MODE = wholemodule;
				SWIFT_OPTIMIZATION_LEVEL = "-O";
				SWIFT_VERSION = 5.0;
				VALIDATE_PRODUCT = YES;
			};
			name = Release;
		};
		97AE05EDE653A0B344001CF691230741 /* Debug */ = {
			isa = XCBuildConfiguration;
			baseConfigurationReference = 38E7B5AFF6B09132E73E48C4 /* Pods-Sample.debug.xcconfig */;
			buildSettings = {
				ASSETCATALOG_COMPILER_APPICON_NAME = AppIcon;
				CODE_SIGN_STYLE = Automatic;
				INFOPLIST_FILE = Sample/Info.plist;
				LD_RUNPATH_SEARCH_PATHS = (
					"$(inherited)",
					"@executable_path/Frameworks",
				);
				PRODUCT_BUNDLE_IDENTIFIER = com.tech4star.Sample;
				PRODUCT_NAME = "$(TARGET_NAME)";
				TARGETED_DEVICE_FAMILY = "1,2";
			};
			name = Debug;
		};
		DD7047DAFC52334FE76F8764CBBE5426 /* Release */ = {
			isa = XCBuildConfiguration;
			baseConfigurationReference = 999356940C45DB6073DF36AD /* Pods-Sample.release.xcconfig */;
			buildSettings = {
				ASSETCATALOG_COMPILER_APPICON_NAME = AppIcon;
				CODE_SIGN_STYLE = Automatic;
				INFOPLIST_FILE = Sample/Info.plist;
				LD_RUNPATH_SEARCH_PATHS = (
					"$(inherited)",
					"@executable_path/Frameworks",
				);
				PRODUCT_BUNDLE_IDENTIFIER = com.tech4star.Sample;
				PRODUCT_NAME = "$(TARGET_NAME)";
				TARGETED_DEVICE_FAMILY = "1,2";
			};
			name = Release;
		};
/* End XCBuildConfiguration section */

/* Begin XCConfigurationList section */
		247BFF1E230BFBFF00D6CAA2 /* Build configuration list for PBXNativeTarget "SampleTests" */ = {
			isa = XCConfigurationList;
			buildConfigurations = (
				247BFF1F230BFBFF00D6CAA2 /* Debug */,
				247BFF20230BFBFF00D6CAA2 /* Release */,
			);
			defaultConfigurationIsVisible = 0;
			defaultConfigurationName = Release;
		};
		94692ACAAD330129970552B1134831CA /* Build configuration list for PBXProject "Sample" */ = {
			isa = XCConfigurationList;
			buildConfigurations = (
				0FEC1F021ABD74D99995803B1173619F /* Debug */,
				5EE67914AAA105A443DFCAAA1C53CE56 /* Release */,
			);
			defaultConfigurationIsVisible = 0;
			defaultConfigurationName = Release;
		};
		F0BF5021B347D9C1CA91995B696244D3 /* Build configuration list for PBXNativeTarget "Sample" */ = {
			isa = XCConfigurationList;
			buildConfigurations = (
				97AE05EDE653A0B344001CF691230741 /* Debug */,
				DD7047DAFC52334FE76F8764CBBE5426 /* Release */,
			);
			defaultConfigurationIsVisible = 0;
			defaultConfigurationName = Release;
		};
/* End XCConfigurationList section */
	};
	rootObject = DDF6FC562B87DB4CD9F79BA1BABF0125 /* Project object */;
}
