PODS:
  - Nimble (8.0.2)
  - NRequest (1.0.0)
  - NRequestSwinject (1.0.0):
    - NRequest
    - Swinject
  - NRequestTestHelpers (1.0.0):
    - Nimble
    - NRequest
    - NRequestSwinject
    - Quick
    - Spry
    - "Spry+Nimble"
    - Swinject
  - NRequestTestHelpers/Tests (1.0.0):
    - Nimble
    - NRequest
    - NRequestSwinject
    - Quick
    - Spry
    - "Spry+Nimble"
    - Swinject
  - Quick (2.1.0)
  - Spry (3.2.3)
  - "Spry+Nimble (3.2.3)":
    - Nimble (> 7.0.0)
    - Spry (= 3.2.3)
  - Swinject (2.6.2)

DEPENDENCIES:
  - Nimble (~> 8.0.2)
  - NRequest (from `./../`)
  - NRequestSwinject (from `./../`)
  - NRequestTestHelpers (from `./../`)
  - NRequestTestHelpers/Tests (from `./../`)
  - Quick (~> 2.1.0)
  - Spry (~> 3.2.3)
  - "Spry+Nimble (~> 3.2.3)"

SPEC REPOS:
  https://github.com/cocoapods/specs.git:
    - Nimble
    - Quick
    - Spry
    - "Spry+Nimble"
    - Swinject

EXTERNAL SOURCES:
  NRequest:
    :path: "./../"
  NRequestSwinject:
    :path: "./../"
  NRequestTestHelpers:
    :path: "./../"

SPEC CHECKSUMS:
  Nimble: 622629381bda1dd5678162f21f1368cec7cbba60
  NRequest: d6da72d7358cd0ac6ea10dec07b05ff11d72c56f
  NRequestSwinject: 1632d3423c178abe745c11e66aadc43db25f0782
  NRequestTestHelpers: 6e4f4a6607e25d954f51407c6858f6c341c28658
  Quick: 4be43f6634acfa727dd106bdf3929ce125ffa79d
  Spry: 216a7f6566e6c7a0392f3f4b4e804e71d58e1835
  "Spry+Nimble": 65b76e7d2dbe2d9166109ff44d8eea44a0bea94e
  Swinject: cf7458774b1b00323080a9c67e47a1ee7f9d2af1

PODFILE CHECKSUM: c24a0faab770b0fac11d0e6dd1646093ce27fd82

COCOAPODS: 1.7.5
